// !$*UTF8*$!
{
	archiveVersion = 1;
	classes = {
	};
	objectVersion = 51;
	objects = {

/* Begin PBXBuildFile section */
		E00184E6C46D0E9F7ABAFA87 /* Pods_View_Controller_Lyfecycle.framework in Frameworks */ = {isa = PBXBuildFile; fileRef = 4A1F94205C7F99F83CFFA815 /* Pods_View_Controller_Lyfecycle.framework */; };
		F0247B7B245C04F5008EDDF3 /* MainTabBarController.swift in Sources */ = {isa = PBXBuildFile; fileRef = F0247B7A245C04F5008EDDF3 /* MainTabBarController.swift */; };
		F0247B7D245C053B008EDDF3 /* SearchViewController.swift in Sources */ = {isa = PBXBuildFile; fileRef = F0247B7C245C053B008EDDF3 /* SearchViewController.swift */; };
		F04F3E66245D618D004FC856 /* NetworkService.swift in Sources */ = {isa = PBXBuildFile; fileRef = F04F3E65245D618D004FC856 /* NetworkService.swift */; };
		F04F3E68245D66C2004FC856 /* SearchResponse.swift in Sources */ = {isa = PBXBuildFile; fileRef = F04F3E67245D66C2004FC856 /* SearchResponse.swift */; };
		F04F3E6D245D6C63004FC856 /* NetworkDataFetcher.swift in Sources */ = {isa = PBXBuildFile; fileRef = F04F3E6C245D6C63004FC856 /* NetworkDataFetcher.swift */; };
		F09D99C624629CBD001319F8 /* TrackCell.xib in Resources */ = {isa = PBXBuildFile; fileRef = F09D99C524629CBD001319F8 /* TrackCell.xib */; };
		F09D99C924629DAE001319F8 /* TrackCell.swift in Sources */ = {isa = PBXBuildFile; fileRef = F09D99C824629DAE001319F8 /* TrackCell.swift */; };
		F0FBA0102457F92E003B206B /* AppDelegate.swift in Sources */ = {isa = PBXBuildFile; fileRef = F0FBA00F2457F92E003B206B /* AppDelegate.swift */; };
		F0FBA0122457F92E003B206B /* SceneDelegate.swift in Sources */ = {isa = PBXBuildFile; fileRef = F0FBA0112457F92E003B206B /* SceneDelegate.swift */; };
		F0FBA0172457F92E003B206B /* Main.storyboard in Resources */ = {isa = PBXBuildFile; fileRef = F0FBA0152457F92E003B206B /* Main.storyboard */; };
		F0FBA0192457F932003B206B /* Assets.xcassets in Resources */ = {isa = PBXBuildFile; fileRef = F0FBA0182457F932003B206B /* Assets.xcassets */; };
		F0FBA01C2457F932003B206B /* LaunchScreen.storyboard in Resources */ = {isa = PBXBuildFile; fileRef = F0FBA01A2457F932003B206B /* LaunchScreen.storyboard */; };
		F0FBA0242458004D003B206B /* SignUpViewController.swift in Sources */ = {isa = PBXBuildFile; fileRef = F0FBA0232458004D003B206B /* SignUpViewController.swift */; };
		F0FBA026245802A5003B206B /* ProfileViewController.swift in Sources */ = {isa = PBXBuildFile; fileRef = F0FBA025245802A5003B206B /* ProfileViewController.swift */; };
/* End PBXBuildFile section */

/* Begin PBXFileReference section */
		43596BF38A01EF51C19406E4 /* Pods-View Controller Lyfecycle.release.xcconfig */ = {isa = PBXFileReference; includeInIndex = 1; lastKnownFileType = text.xcconfig; name = "Pods-View Controller Lyfecycle.release.xcconfig"; path = "Target Support Files/Pods-View Controller Lyfecycle/Pods-View Controller Lyfecycle.release.xcconfig"; sourceTree = "<group>"; };
		4A1F94205C7F99F83CFFA815 /* Pods_View_Controller_Lyfecycle.framework */ = {isa = PBXFileReference; explicitFileType = wrapper.framework; includeInIndex = 0; path = Pods_View_Controller_Lyfecycle.framework; sourceTree = BUILT_PRODUCTS_DIR; };
		F0247B7A245C04F5008EDDF3 /* MainTabBarController.swift */ = {isa = PBXFileReference; lastKnownFileType = sourcecode.swift; path = MainTabBarController.swift; sourceTree = "<group>"; };
		F0247B7C245C053B008EDDF3 /* SearchViewController.swift */ = {isa = PBXFileReference; lastKnownFileType = sourcecode.swift; path = SearchViewController.swift; sourceTree = "<group>"; };
		F04F3E65245D618D004FC856 /* NetworkService.swift */ = {isa = PBXFileReference; lastKnownFileType = sourcecode.swift; path = NetworkService.swift; sourceTree = "<group>"; };
		F04F3E67245D66C2004FC856 /* SearchResponse.swift */ = {isa = PBXFileReference; lastKnownFileType = sourcecode.swift; path = SearchResponse.swift; sourceTree = "<group>"; };
		F04F3E6C245D6C63004FC856 /* NetworkDataFetcher.swift */ = {isa = PBXFileReference; lastKnownFileType = sourcecode.swift; path = NetworkDataFetcher.swift; sourceTree = "<group>"; };
		F09D99C524629CBD001319F8 /* TrackCell.xib */ = {isa = PBXFileReference; lastKnownFileType = file.xib; path = TrackCell.xib; sourceTree = "<group>"; };
		F09D99C824629DAE001319F8 /* TrackCell.swift */ = {isa = PBXFileReference; lastKnownFileType = sourcecode.swift; path = TrackCell.swift; sourceTree = "<group>"; };
		F0FBA00C2457F92E003B206B /* View Controller Lyfecycle.app */ = {isa = PBXFileReference; explicitFileType = wrapper.application; includeInIndex = 0; path = "View Controller Lyfecycle.app"; sourceTree = BUILT_PRODUCTS_DIR; };
		F0FBA00F2457F92E003B206B /* AppDelegate.swift */ = {isa = PBXFileReference; lastKnownFileType = sourcecode.swift; path = AppDelegate.swift; sourceTree = "<group>"; };
		F0FBA0112457F92E003B206B /* SceneDelegate.swift */ = {isa = PBXFileReference; lastKnownFileType = sourcecode.swift; path = SceneDelegate.swift; sourceTree = "<group>"; };
		F0FBA0162457F92E003B206B /* Base */ = {isa = PBXFileReference; lastKnownFileType = file.storyboard; name = Base; path = Base.lproj/Main.storyboard; sourceTree = "<group>"; };
		F0FBA0182457F932003B206B /* Assets.xcassets */ = {isa = PBXFileReference; lastKnownFileType = folder.assetcatalog; path = Assets.xcassets; sourceTree = "<group>"; };
		F0FBA01B2457F932003B206B /* Base */ = {isa = PBXFileReference; lastKnownFileType = file.storyboard; name = Base; path = Base.lproj/LaunchScreen.storyboard; sourceTree = "<group>"; };
		F0FBA01D2457F932003B206B /* Info.plist */ = {isa = PBXFileReference; lastKnownFileType = text.plist.xml; path = Info.plist; sourceTree = "<group>"; };
		F0FBA0232458004D003B206B /* SignUpViewController.swift */ = {isa = PBXFileReference; lastKnownFileType = sourcecode.swift; path = SignUpViewController.swift; sourceTree = "<group>"; };
		F0FBA025245802A5003B206B /* ProfileViewController.swift */ = {isa = PBXFileReference; lastKnownFileType = sourcecode.swift; path = ProfileViewController.swift; sourceTree = "<group>"; };
		F5AA986BF0EA74CE8DC925C3 /* Pods-View Controller Lyfecycle.debug.xcconfig */ = {isa = PBXFileReference; includeInIndex = 1; lastKnownFileType = text.xcconfig; name = "Pods-View Controller Lyfecycle.debug.xcconfig"; path = "Target Support Files/Pods-View Controller Lyfecycle/Pods-View Controller Lyfecycle.debug.xcconfig"; sourceTree = "<group>"; };
/* End PBXFileReference section */

/* Begin PBXFrameworksBuildPhase section */
		F0FBA0092457F92E003B206B /* Frameworks */ = {
			isa = PBXFrameworksBuildPhase;
			buildActionMask = 2147483647;
			files = (
				E00184E6C46D0E9F7ABAFA87 /* Pods_View_Controller_Lyfecycle.framework in Frameworks */,
			);
			runOnlyForDeploymentPostprocessing = 0;
		};
/* End PBXFrameworksBuildPhase section */

/* Begin PBXGroup section */
		123A082672BDAD96904D7909 /* Pods */ = {
			isa = PBXGroup;
			children = (
				F5AA986BF0EA74CE8DC925C3 /* Pods-View Controller Lyfecycle.debug.xcconfig */,
				43596BF38A01EF51C19406E4 /* Pods-View Controller Lyfecycle.release.xcconfig */,
			);
			path = Pods;
			sourceTree = "<group>";
		};
		67D2DD19B53EF6DC69162B21 /* Frameworks */ = {
			isa = PBXGroup;
			children = (
				4A1F94205C7F99F83CFFA815 /* Pods_View_Controller_Lyfecycle.framework */,
			);
			name = Frameworks;
			sourceTree = "<group>";
		};
		F04F3E69245D66D7004FC856 /* Services */ = {
			isa = PBXGroup;
			children = (
				F04F3E65245D618D004FC856 /* NetworkService.swift */,
				F04F3E6C245D6C63004FC856 /* NetworkDataFetcher.swift */,
			);
			path = Services;
			sourceTree = "<group>";
		};
		F04F3E6A245D66E4004FC856 /* Models */ = {
			isa = PBXGroup;
			children = (
				F04F3E67245D66C2004FC856 /* SearchResponse.swift */,
			);
			path = Models;
			sourceTree = "<group>";
		};
		F04F3E6B245D66F4004FC856 /* Controllers */ = {
			isa = PBXGroup;
			children = (
				F0FBA0232458004D003B206B /* SignUpViewController.swift */,
				F0247B7A245C04F5008EDDF3 /* MainTabBarController.swift */,
				F0247B7C245C053B008EDDF3 /* SearchViewController.swift */,
				F0FBA025245802A5003B206B /* ProfileViewController.swift */,
			);
			path = Controllers;
			sourceTree = "<group>";
		};
		F09D99C724629CD5001319F8 /* Views */ = {
			isa = PBXGroup;
			children = (
				F09D99C524629CBD001319F8 /* TrackCell.xib */,
				F09D99C824629DAE001319F8 /* TrackCell.swift */,
			);
			path = Views;
			sourceTree = "<group>";
		};
		F0FBA0032457F92E003B206B = {
			isa = PBXGroup;
			children = (
				F0FBA00E2457F92E003B206B /* View Controller Lyfecycle */,
				F0FBA00D2457F92E003B206B /* Products */,
				123A082672BDAD96904D7909 /* Pods */,
				67D2DD19B53EF6DC69162B21 /* Frameworks */,
			);
			sourceTree = "<group>";
		};
		F0FBA00D2457F92E003B206B /* Products */ = {
			isa = PBXGroup;
			children = (
				F0FBA00C2457F92E003B206B /* View Controller Lyfecycle.app */,
			);
			name = Products;
			sourceTree = "<group>";
		};
		F0FBA00E2457F92E003B206B /* View Controller Lyfecycle */ = {
			isa = PBXGroup;
			children = (
				F0FBA00F2457F92E003B206B /* AppDelegate.swift */,
				F0FBA0112457F92E003B206B /* SceneDelegate.swift */,
				F04F3E69245D66D7004FC856 /* Services */,
				F04F3E6A245D66E4004FC856 /* Models */,
				F09D99C724629CD5001319F8 /* Views */,
				F04F3E6B245D66F4004FC856 /* Controllers */,
				F0FBA0152457F92E003B206B /* Main.storyboard */,
				F0FBA0182457F932003B206B /* Assets.xcassets */,
				F0FBA01A2457F932003B206B /* LaunchScreen.storyboard */,
				F0FBA01D2457F932003B206B /* Info.plist */,
			);
			path = "View Controller Lyfecycle";
			sourceTree = "<group>";
		};
/* End PBXGroup section */

/* Begin PBXNativeTarget section */
		F0FBA00B2457F92E003B206B /* View Controller Lyfecycle */ = {
			isa = PBXNativeTarget;
			buildConfigurationList = F0FBA0202457F932003B206B /* Build configuration list for PBXNativeTarget "View Controller Lyfecycle" */;
			buildPhases = (
				8F16F5BA3B2274FADC045E3B /* [CP] Check Pods Manifest.lock */,
				F0FBA0082457F92E003B206B /* Sources */,
				F0FBA0092457F92E003B206B /* Frameworks */,
				F0FBA00A2457F92E003B206B /* Resources */,
				08B6E47816A2C323F3F73E00 /* [CP] Embed Pods Frameworks */,
			);
			buildRules = (
			);
			dependencies = (
			);
			name = "View Controller Lyfecycle";
			productName = "View Controller Lyfecycle";
			productReference = F0FBA00C2457F92E003B206B /* View Controller Lyfecycle.app */;
			productType = "com.apple.product-type.application";
		};
/* End PBXNativeTarget section */

/* Begin PBXProject section */
		F0FBA0042457F92E003B206B /* Project object */ = {
			isa = PBXProject;
			attributes = {
				LastSwiftUpdateCheck = 1120;
				LastUpgradeCheck = 1120;
				ORGANIZATIONNAME = "Алексей Пархоменко";
				TargetAttributes = {
					F0FBA00B2457F92E003B206B = {
						CreatedOnToolsVersion = 11.2.1;
					};
				};
			};
			buildConfigurationList = F0FBA0072457F92E003B206B /* Build configuration list for PBXProject "View Controller Lyfecycle" */;
			compatibilityVersion = "Xcode 9.3";
			developmentRegion = en;
			hasScannedForEncodings = 0;
			knownRegions = (
				en,
				Base,
			);
			mainGroup = F0FBA0032457F92E003B206B;
			productRefGroup = F0FBA00D2457F92E003B206B /* Products */;
			projectDirPath = "";
			projectRoot = "";
			targets = (
				F0FBA00B2457F92E003B206B /* View Controller Lyfecycle */,
			);
		};
/* End PBXProject section */

/* Begin PBXResourcesBuildPhase section */
		F0FBA00A2457F92E003B206B /* Resources */ = {
			isa = PBXResourcesBuildPhase;
			buildActionMask = 2147483647;
			files = (
				F0FBA01C2457F932003B206B /* LaunchScreen.storyboard in Resources */,
				F0FBA0192457F932003B206B /* Assets.xcassets in Resources */,
				F0FBA0172457F92E003B206B /* Main.storyboard in Resources */,
				F09D99C624629CBD001319F8 /* TrackCell.xib in Resources */,
			);
			runOnlyForDeploymentPostprocessing = 0;
		};
/* End PBXResourcesBuildPhase section */

/* Begin PBXShellScriptBuildPhase section */
		08B6E47816A2C323F3F73E00 /* [CP] Embed Pods Frameworks */ = {
			isa = PBXShellScriptBuildPhase;
			buildActionMask = 2147483647;
			files = (
			);
			inputFileListPaths = (
				"${PODS_ROOT}/Target Support Files/Pods-View Controller Lyfecycle/Pods-View Controller Lyfecycle-frameworks-${CONFIGURATION}-input-files.xcfilelist",
			);
			name = "[CP] Embed Pods Frameworks";
			outputFileListPaths = (
				"${PODS_ROOT}/Target Support Files/Pods-View Controller Lyfecycle/Pods-View Controller Lyfecycle-frameworks-${CONFIGURATION}-output-files.xcfilelist",
			);
			runOnlyForDeploymentPostprocessing = 0;
			shellPath = /bin/sh;
			shellScript = "\"${PODS_ROOT}/Target Support Files/Pods-View Controller Lyfecycle/Pods-View Controller Lyfecycle-frameworks.sh\"\n";
			showEnvVarsInLog = 0;
		};
		8F16F5BA3B2274FADC045E3B /* [CP] Check Pods Manifest.lock */ = {
			isa = PBXShellScriptBuildPhase;
			buildActionMask = 2147483647;
			files = (
			);
			inputFileListPaths = (
			);
			inputPaths = (
				"${PODS_PODFILE_DIR_PATH}/Podfile.lock",
				"${PODS_ROOT}/Manifest.lock",
			);
			name = "[CP] Check Pods Manifest.lock";
			outputFileListPaths = (
			);
			outputPaths = (
				"$(DERIVED_FILE_DIR)/Pods-View Controller Lyfecycle-checkManifestLockResult.txt",
			);
			runOnlyForDeploymentPostprocessing = 0;
			shellPath = /bin/sh;
			shellScript = "diff \"${PODS_PODFILE_DIR_PATH}/Podfile.lock\" \"${PODS_ROOT}/Manifest.lock\" > /dev/null\nif [ $? != 0 ] ; then\n    # print error to STDERR\n    echo \"error: The sandbox is not in sync with the Podfile.lock. Run 'pod install' or update your CocoaPods installation.\" >&2\n    exit 1\nfi\n# This output is used by Xcode 'outputs' to avoid re-running this script phase.\necho \"SUCCESS\" > \"${SCRIPT_OUTPUT_FILE_0}\"\n";
			showEnvVarsInLog = 0;
		};
/* End PBXShellScriptBuildPhase section */

/* Begin PBXSourcesBuildPhase section */
		F0FBA0082457F92E003B206B /* Sources */ = {
			isa = PBXSourcesBuildPhase;
			buildActionMask = 2147483647;
			files = (
				F0247B7D245C053B008EDDF3 /* SearchViewController.swift in Sources */,
				F0FBA0102457F92E003B206B /* AppDelegate.swift in Sources */,
				F0FBA0242458004D003B206B /* SignUpViewController.swift in Sources */,
				F0247B7B245C04F5008EDDF3 /* MainTabBarController.swift in Sources */,
				F04F3E68245D66C2004FC856 /* SearchResponse.swift in Sources */,
				F09D99C924629DAE001319F8 /* TrackCell.swift in Sources */,
				F0FBA026245802A5003B206B /* ProfileViewController.swift in Sources */,
				F04F3E6D245D6C63004FC856 /* NetworkDataFetcher.swift in Sources */,
				F0FBA0122457F92E003B206B /* SceneDelegate.swift in Sources */,
				F04F3E66245D618D004FC856 /* NetworkService.swift in Sources */,
			);
			runOnlyForDeploymentPostprocessing = 0;
		};
/* End PBXSourcesBuildPhase section */

/* Begin PBXVariantGroup section */
		F0FBA0152457F92E003B206B /* Main.storyboard */ = {
			isa = PBXVariantGroup;
			children = (
				F0FBA0162457F92E003B206B /* Base */,
			);
			name = Main.storyboard;
			sourceTree = "<group>";
		};
		F0FBA01A2457F932003B206B /* LaunchScreen.storyboard */ = {
			isa = PBXVariantGroup;
			children = (
				F0FBA01B2457F932003B206B /* Base */,
			);
			name = LaunchScreen.storyboard;
			sourceTree = "<group>";
		};
/* End PBXVariantGroup section */

/* Begin XCBuildConfiguration section */
		F0FBA01E2457F932003B206B /* Debug */ = {
			isa = XCBuildConfiguration;
			buildSettings = {
				ALWAYS_SEARCH_USER_PATHS = NO;
				CLANG_ANALYZER_NONNULL = YES;
				CLANG_ANALYZER_NUMBER_OBJECT_CONVERSION = YES_AGGRESSIVE;
				CLANG_CXX_LANGUAGE_STANDARD = "gnu++14";
				CLANG_CXX_LIBRARY = "libc++";
				CLANG_ENABLE_MODULES = YES;
				CLANG_ENABLE_OBJC_ARC = YES;
				CLANG_ENABLE_OBJC_WEAK = YES;
				CLANG_WARN_BLOCK_CAPTURE_AUTORELEASING = YES;
				CLANG_WARN_BOOL_CONVERSION = YES;
				CLANG_WARN_COMMA = YES;
				CLANG_WARN_CONSTANT_CONVERSION = YES;
				CLANG_WARN_DEPRECATED_OBJC_IMPLEMENTATIONS = YES;
				CLANG_WARN_DIRECT_OBJC_ISA_USAGE = YES_ERROR;
				CLANG_WARN_DOCUMENTATION_COMMENTS = YES;
				CLANG_WARN_EMPTY_BODY = YES;
				CLANG_WARN_ENUM_CONVERSION = YES;
				CLANG_WARN_INFINITE_RECURSION = YES;
				CLANG_WARN_INT_CONVERSION = YES;
				CLANG_WARN_NON_LITERAL_NULL_CONVERSION = YES;
				CLANG_WARN_OBJC_IMPLICIT_RETAIN_SELF = YES;
				CLANG_WARN_OBJC_LITERAL_CONVERSION = YES;
				CLANG_WARN_OBJC_ROOT_CLASS = YES_ERROR;
				CLANG_WARN_RANGE_LOOP_ANALYSIS = YES;
				CLANG_WARN_STRICT_PROTOTYPES = YES;
				CLANG_WARN_SUSPICIOUS_MOVE = YES;
				CLANG_WARN_UNGUARDED_AVAILABILITY = YES_AGGRESSIVE;
				CLANG_WARN_UNREACHABLE_CODE = YES;
				CLANG_WARN__DUPLICATE_METHOD_MATCH = YES;
				COPY_PHASE_STRIP = NO;
				DEBUG_INFORMATION_FORMAT = dwarf;
				ENABLE_STRICT_OBJC_MSGSEND = YES;
				ENABLE_TESTABILITY = YES;
				GCC_C_LANGUAGE_STANDARD = gnu11;
				GCC_DYNAMIC_NO_PIC = NO;
				GCC_NO_COMMON_BLOCKS = YES;
				GCC_OPTIMIZATION_LEVEL = 0;
				GCC_PREPROCESSOR_DEFINITIONS = (
					"DEBUG=1",
					"$(inherited)",
				);
				GCC_WARN_64_TO_32_BIT_CONVERSION = YES;
				GCC_WARN_ABOUT_RETURN_TYPE = YES_ERROR;
				GCC_WARN_UNDECLARED_SELECTOR = YES;
				GCC_WARN_UNINITIALIZED_AUTOS = YES_AGGRESSIVE;
				GCC_WARN_UNUSED_FUNCTION = YES;
				GCC_WARN_UNUSED_VARIABLE = YES;
				IPHONEOS_DEPLOYMENT_TARGET = 13.2;
				MTL_ENABLE_DEBUG_INFO = INCLUDE_SOURCE;
				MTL_FAST_MATH = YES;
				ONLY_ACTIVE_ARCH = YES;
				SDKROOT = iphoneos;
				SWIFT_ACTIVE_COMPILATION_CONDITIONS = DEBUG;
				SWIFT_OPTIMIZATION_LEVEL = "-Onone";
			};
			name = Debug;
		};
		F0FBA01F2457F932003B206B /* Release */ = {
			isa = XCBuildConfiguration;
			buildSettings = {
				ALWAYS_SEARCH_USER_PATHS = NO;
				CLANG_ANALYZER_NONNULL = YES;
				CLANG_ANALYZER_NUMBER_OBJECT_CONVERSION = YES_AGGRESSIVE;
				CLANG_CXX_LANGUAGE_STANDARD = "gnu++14";
				CLANG_CXX_LIBRARY = "libc++";
				CLANG_ENABLE_MODULES = YES;
				CLANG_ENABLE_OBJC_ARC = YES;
				CLANG_ENABLE_OBJC_WEAK = YES;
				CLANG_WARN_BLOCK_CAPTURE_AUTORELEASING = YES;
				CLANG_WARN_BOOL_CONVERSION = YES;
				CLANG_WARN_COMMA = YES;
				CLANG_WARN_CONSTANT_CONVERSION = YES;
				CLANG_WARN_DEPRECATED_OBJC_IMPLEMENTATIONS = YES;
				CLANG_WARN_DIRECT_OBJC_ISA_USAGE = YES_ERROR;
				CLANG_WARN_DOCUMENTATION_COMMENTS = YES;
				CLANG_WARN_EMPTY_BODY = YES;
				CLANG_WARN_ENUM_CONVERSION = YES;
				CLANG_WARN_INFINITE_RECURSION = YES;
				CLANG_WARN_INT_CONVERSION = YES;
				CLANG_WARN_NON_LITERAL_NULL_CONVERSION = YES;
				CLANG_WARN_OBJC_IMPLICIT_RETAIN_SELF = YES;
				CLANG_WARN_OBJC_LITERAL_CONVERSION = YES;
				CLANG_WARN_OBJC_ROOT_CLASS = YES_ERROR;
				CLANG_WARN_RANGE_LOOP_ANALYSIS = YES;
				CLANG_WARN_STRICT_PROTOTYPES = YES;
				CLANG_WARN_SUSPICIOUS_MOVE = YES;
				CLANG_WARN_UNGUARDED_AVAILABILITY = YES_AGGRESSIVE;
				CLANG_WARN_UNREACHABLE_CODE = YES;
				CLANG_WARN__DUPLICATE_METHOD_MATCH = YES;
				COPY_PHASE_STRIP = NO;
				DEBUG_INFORMATION_FORMAT = "dwarf-with-dsym";
				ENABLE_NS_ASSERTIONS = NO;
				ENABLE_STRICT_OBJC_MSGSEND = YES;
				GCC_C_LANGUAGE_STANDARD = gnu11;
				GCC_NO_COMMON_BLOCKS = YES;
				GCC_WARN_64_TO_32_BIT_CONVERSION = YES;
				GCC_WARN_ABOUT_RETURN_TYPE = YES_ERROR;
				GCC_WARN_UNDECLARED_SELECTOR = YES;
				GCC_WARN_UNINITIALIZED_AUTOS = YES_AGGRESSIVE;
				GCC_WARN_UNUSED_FUNCTION = YES;
				GCC_WARN_UNUSED_VARIABLE = YES;
				IPHONEOS_DEPLOYMENT_TARGET = 13.2;
				MTL_ENABLE_DEBUG_INFO = NO;
				MTL_FAST_MATH = YES;
				SDKROOT = iphoneos;
				SWIFT_COMPILATION_MODE = wholemodule;
				SWIFT_OPTIMIZATION_LEVEL = "-O";
				VALIDATE_PRODUCT = YES;
			};
			name = Release;
		};
		F0FBA0212457F932003B206B /* Debug */ = {
			isa = XCBuildConfiguration;
			baseConfigurationReference = F5AA986BF0EA74CE8DC925C3 /* Pods-View Controller Lyfecycle.debug.xcconfig */;
			buildSettings = {
				ASSETCATALOG_COMPILER_APPICON_NAME = AppIcon;
				CODE_SIGN_STYLE = Automatic;
				DEVELOPMENT_TEAM = TSZQ4D456H;
				INFOPLIST_FILE = "View Controller Lyfecycle/Info.plist";
				LD_RUNPATH_SEARCH_PATHS = (
					"$(inherited)",
					"@executable_path/Frameworks",
				);
				PRODUCT_BUNDLE_IDENTIFIER = "com.alexeyParkhomenko.View-Controller-Lyfecycle";
				PRODUCT_NAME = "$(TARGET_NAME)";
				SWIFT_VERSION = 5.0;
				TARGETED_DEVICE_FAMILY = "1,2";
			};
			name = Debug;
		};
		F0FBA0222457F932003B206B /* Release */ = {
			isa = XCBuildConfiguration;
			baseConfigurationReference = 43596BF38A01EF51C19406E4 /* Pods-View Controller Lyfecycle.release.xcconfig */;
			buildSettings = {
				ASSETCATALOG_COMPILER_APPICON_NAME = AppIcon;
				CODE_SIGN_STYLE = Automatic;
				DEVELOPMENT_TEAM = TSZQ4D456H;
				INFOPLIST_FILE = "View Controller Lyfecycle/Info.plist";
				LD_RUNPATH_SEARCH_PATHS = (
					"$(inherited)",
					"@executable_path/Frameworks",
				);
				PRODUCT_BUNDLE_IDENTIFIER = "com.alexeyParkhomenko.View-Controller-Lyfecycle";
				PRODUCT_NAME = "$(TARGET_NAME)";
				SWIFT_VERSION = 5.0;
				TARGETED_DEVICE_FAMILY = "1,2";
			};
			name = Release;
		};
/* End XCBuildConfiguration section */

/* Begin XCConfigurationList section */
		F0FBA0072457F92E003B206B /* Build configuration list for PBXProject "View Controller Lyfecycle" */ = {
			isa = XCConfigurationList;
			buildConfigurations = (
				F0FBA01E2457F932003B206B /* Debug */,
				F0FBA01F2457F932003B206B /* Release */,
			);
			defaultConfigurationIsVisible = 0;
			defaultConfigurationName = Release;
		};
		F0FBA0202457F932003B206B /* Build configuration list for PBXNativeTarget "View Controller Lyfecycle" */ = {
			isa = XCConfigurationList;
			buildConfigurations = (
				F0FBA0212457F932003B206B /* Debug */,
				F0FBA0222457F932003B206B /* Release */,
			);
			defaultConfigurationIsVisible = 0;
			defaultConfigurationName = Release;
		};
/* End XCConfigurationList section */
	};
	rootObject = F0FBA0042457F92E003B206B /* Project object */;
}
